
Microsoft Visual Studio Solution File, Format Version 12.00
# Visual Studio 14
VisualStudioVersion = 14.0.24720.0
MinimumVisualStudioVersion = 10.0.40219.1
Project("{FAE04EC0-301F-11D3-BF4B-00C04F79EFBC}") = "CatCounter", "CatCounter.csproj", "{6C437721-76F6-4D67-9403-98FAB81EA5E1}"
EndProject
Project("{FAE04EC0-301F-11D3-BF4B-00C04F79EFBC}") = "CatCounterTests", "..\CatCounterTests\CatCounterTests.csproj", "{D62DB4CA-ECF7-4B6E-907F-CCEB41184999}"
EndProject
Global
	GlobalSection(SolutionConfigurationPlatforms) = preSolution
		Debug|Any CPU = Debug|Any CPU
		Release|Any CPU = Release|Any CPU
	EndGlobalSection
	GlobalSection(ProjectConfigurationPlatforms) = postSolution
		{6C437721-76F6-4D67-9403-98FAB81EA5E1}.Debug|Any CPU.ActiveCfg = Debug|Any CPU
		{6C437721-76F6-4D67-9403-98FAB81EA5E1}.Debug|Any CPU.Build.0 = Debug|Any CPU
		{6C437721-76F6-4D67-9403-98FAB81EA5E1}.Release|Any CPU.ActiveCfg = Release|Any CPU
		{6C437721-76F6-4D67-9403-98FAB81EA5E1}.Release|Any CPU.Build.0 = Release|Any CPU
		{D62DB4CA-ECF7-4B6E-907F-CCEB41184999}.Debug|Any CPU.ActiveCfg = Debug|Any CPU
		{D62DB4CA-ECF7-4B6E-907F-CCEB41184999}.Debug|Any CPU.Build.0 = Debug|Any CPU
		{D62DB4CA-ECF7-4B6E-907F-CCEB41184999}.Release|Any CPU.ActiveCfg = Release|Any CPU
		{D62DB4CA-ECF7-4B6E-907F-CCEB41184999}.Release|Any CPU.Build.0 = Release|Any CPU
	EndGlobalSection
	GlobalSection(SolutionProperties) = preSolution
		HideSolutionNode = FALSE
	EndGlobalSection
EndGlobal
